{
  "name": "joonbot",
  "version": "1.0.0",
  "lockfileVersion": 1,
  "requires": true,
  "dependencies": {
    "bootstrap": {
      "version": "5.0.0-beta3",
      "resolved": "https://registry.npmjs.org/bootstrap/-/bootstrap-5.0.0-beta3.tgz",
      "integrity": "sha512-0urccjfIOzhrb9qJysN8XW/DRw6rg3zH7qLeKIp4Zyl8+Ens4JWB0NC0cB5AhnSFPd2tftRggjwCMxablo6Tpg=="
    },
    "modern-normalize": {
      "version": "1.1.0",
      "resolved": "https://registry.npmjs.org/modern-normalize/-/modern-normalize-1.1.0.tgz",
      "integrity": "sha512-2lMlY1Yc1+CUy0gw4H95uNN7vjbpoED7NNRSBHE25nWfLBdmMzFCsPshlzbxHz+gYMcBEUN8V4pU16prcdPSgA=="
    }
  }
}
